
Microsoft Visual Studio Solution File, Format Version 12.00
# Visual Studio Version 16
VisualStudioVersion = 16.0.30621.155
MinimumVisualStudioVersion = 10.0.40219.1
Project("{2150E333-8FDC-42A3-9474-1A3956D46DE8}") = "Application", "Application", "{E488755A-9B79-4688-A83B-C779843C3C27}"
EndProject
Project("{2150E333-8FDC-42A3-9474-1A3956D46DE8}") = "Domain", "Domain", "{4B44BAA7-4A68-48F5-A683-268C5DAA7D2E}"
EndProject
Project("{2150E333-8FDC-42A3-9474-1A3956D46DE8}") = "Infrastructure.IOC", "Infrastructure.IOC", "{07B00904-CE25-4EE7-8750-4EDBFCBD6F99}"
EndProject
Project("{2150E333-8FDC-42A3-9474-1A3956D46DE8}") = "Infrastructure.Data", "Infrastructure.Data", "{17D4EDE6-BDF8-4439-B2B3-458BE00284B8}"
EndProject
Project("{2150E333-8FDC-42A3-9474-1A3956D46DE8}") = "Presentation", "Presentation", "{C9D68480-8F1C-4C80-B103-B68F30CA7EA8}"
EndProject
Project("{9A19103F-16F7-4668-BE54-9A1E7A4F7556}") = "CleanArch.Mvc", "CleanArch.Mvc\CleanArch.Mvc.csproj", "{F6568E11-6545-4EDF-A852-C668CD1CBE30}"
EndProject
Project("{9A19103F-16F7-4668-BE54-9A1E7A4F7556}") = "CleanArch.Domain", "CleanArch.Domain\CleanArch.Domain.csproj", "{5CFCC05F-DE4C-4585-B833-81391AC4A438}"
EndProject
Project("{9A19103F-16F7-4668-BE54-9A1E7A4F7556}") = "CleanArch.Infrastructure.Data", "CleanArch.Infrastructure.Data\CleanArch.Infrastructure.Data.csproj", "{0AE5A2D5-3175-4AA8-AD38-73DACC696352}"
EndProject
Project("{9A19103F-16F7-4668-BE54-9A1E7A4F7556}") = "CleanArch.Application", "CleanArch.Application\CleanArch.Application.csproj", "{8AB6F993-8036-4105-A885-F999895341B2}"
EndProject
Project("{9A19103F-16F7-4668-BE54-9A1E7A4F7556}") = "CleanArch.Infrastructure.IOC", "CleanArch.Infrastructure.IOC\CleanArch.Infrastructure.IOC.csproj", "{DB92952F-00D5-4643-829C-8D1244D06DA5}"
EndProject
Project("{2150E333-8FDC-42A3-9474-1A3956D46DE8}") = "Infrastructure.BUS", "Infrastructure.BUS", "{3E5300E0-F146-4C3F-870E-BEE98FD2C568}"
EndProject
Project("{2150E333-8FDC-42A3-9474-1A3956D46DE8}") = "Api", "Api", "{CFE923E9-BB58-4301-99EE-489A0AEC1D6C}"
EndProject
Project("{FAE04EC0-301F-11D3-BF4B-00C04F79EFBC}") = "CleanArch.Infrastructure.Bus", "CleanArch.Infrastructure.Bus\CleanArch.Infrastructure.Bus.csproj", "{112B62DA-0C4D-4164-8C3A-0B181D129E70}"
EndProject
Project("{FAE04EC0-301F-11D3-BF4B-00C04F79EFBC}") = "CleanArch.Domain.Core", "CleanArch.Domain.Core\CleanArch.Domain.Core.csproj", "{9E791EF4-BD02-4FE9-85BA-D0B4F4109388}"
EndProject
Project("{FAE04EC0-301F-11D3-BF4B-00C04F79EFBC}") = "CleanArch.Api", "CleanArch.Api\CleanArch.Api.csproj", "{5FC1F719-28B6-4A66-A968-D8F041706574}"
EndProject
Global
	GlobalSection(SolutionConfigurationPlatforms) = preSolution
		Debug|Any CPU = Debug|Any CPU
		Release|Any CPU = Release|Any CPU
	EndGlobalSection
	GlobalSection(ProjectConfigurationPlatforms) = postSolution
		{F6568E11-6545-4EDF-A852-C668CD1CBE30}.Debug|Any CPU.ActiveCfg = Debug|Any CPU
		{F6568E11-6545-4EDF-A852-C668CD1CBE30}.Debug|Any CPU.Build.0 = Debug|Any CPU
		{F6568E11-6545-4EDF-A852-C668CD1CBE30}.Release|Any CPU.ActiveCfg = Release|Any CPU
		{F6568E11-6545-4EDF-A852-C668CD1CBE30}.Release|Any CPU.Build.0 = Release|Any CPU
		{5CFCC05F-DE4C-4585-B833-81391AC4A438}.Debug|Any CPU.ActiveCfg = Debug|Any CPU
		{5CFCC05F-DE4C-4585-B833-81391AC4A438}.Debug|Any CPU.Build.0 = Debug|Any CPU
		{5CFCC05F-DE4C-4585-B833-81391AC4A438}.Release|Any CPU.ActiveCfg = Release|Any CPU
		{5CFCC05F-DE4C-4585-B833-81391AC4A438}.Release|Any CPU.Build.0 = Release|Any CPU
		{0AE5A2D5-3175-4AA8-AD38-73DACC696352}.Debug|Any CPU.ActiveCfg = Debug|Any CPU
		{0AE5A2D5-3175-4AA8-AD38-73DACC696352}.Debug|Any CPU.Build.0 = Debug|Any CPU
		{0AE5A2D5-3175-4AA8-AD38-73DACC696352}.Release|Any CPU.ActiveCfg = Release|Any CPU
		{0AE5A2D5-3175-4AA8-AD38-73DACC696352}.Release|Any CPU.Build.0 = Release|Any CPU
		{8AB6F993-8036-4105-A885-F999895341B2}.Debug|Any CPU.ActiveCfg = Debug|Any CPU
		{8AB6F993-8036-4105-A885-F999895341B2}.Debug|Any CPU.Build.0 = Debug|Any CPU
		{8AB6F993-8036-4105-A885-F999895341B2}.Release|Any CPU.ActiveCfg = Release|Any CPU
		{8AB6F993-8036-4105-A885-F999895341B2}.Release|Any CPU.Build.0 = Release|Any CPU
		{DB92952F-00D5-4643-829C-8D1244D06DA5}.Debug|Any CPU.ActiveCfg = Debug|Any CPU
		{DB92952F-00D5-4643-829C-8D1244D06DA5}.Debug|Any CPU.Build.0 = Debug|Any CPU
		{DB92952F-00D5-4643-829C-8D1244D06DA5}.Release|Any CPU.ActiveCfg = Release|Any CPU
		{DB92952F-00D5-4643-829C-8D1244D06DA5}.Release|Any CPU.Build.0 = Release|Any CPU
		{112B62DA-0C4D-4164-8C3A-0B181D129E70}.Debug|Any CPU.ActiveCfg = Debug|Any CPU
		{112B62DA-0C4D-4164-8C3A-0B181D129E70}.Debug|Any CPU.Build.0 = Debug|Any CPU
		{112B62DA-0C4D-4164-8C3A-0B181D129E70}.Release|Any CPU.ActiveCfg = Release|Any CPU
		{112B62DA-0C4D-4164-8C3A-0B181D129E70}.Release|Any CPU.Build.0 = Release|Any CPU
		{9E791EF4-BD02-4FE9-85BA-D0B4F4109388}.Debug|Any CPU.ActiveCfg = Debug|Any CPU
		{9E791EF4-BD02-4FE9-85BA-D0B4F4109388}.Debug|Any CPU.Build.0 = Debug|Any CPU
		{9E791EF4-BD02-4FE9-85BA-D0B4F4109388}.Release|Any CPU.ActiveCfg = Release|Any CPU
		{9E791EF4-BD02-4FE9-85BA-D0B4F4109388}.Release|Any CPU.Build.0 = Release|Any CPU
		{5FC1F719-28B6-4A66-A968-D8F041706574}.Debug|Any CPU.ActiveCfg = Debug|Any CPU
		{5FC1F719-28B6-4A66-A968-D8F041706574}.Debug|Any CPU.Build.0 = Debug|Any CPU
		{5FC1F719-28B6-4A66-A968-D8F041706574}.Release|Any CPU.ActiveCfg = Release|Any CPU
		{5FC1F719-28B6-4A66-A968-D8F041706574}.Release|Any CPU.Build.0 = Release|Any CPU
	EndGlobalSection
	GlobalSection(SolutionProperties) = preSolution
		HideSolutionNode = FALSE
	EndGlobalSection
	GlobalSection(NestedProjects) = preSolution
		{F6568E11-6545-4EDF-A852-C668CD1CBE30} = {C9D68480-8F1C-4C80-B103-B68F30CA7EA8}
		{5CFCC05F-DE4C-4585-B833-81391AC4A438} = {4B44BAA7-4A68-48F5-A683-268C5DAA7D2E}
		{0AE5A2D5-3175-4AA8-AD38-73DACC696352} = {17D4EDE6-BDF8-4439-B2B3-458BE00284B8}
		{8AB6F993-8036-4105-A885-F999895341B2} = {E488755A-9B79-4688-A83B-C779843C3C27}
		{DB92952F-00D5-4643-829C-8D1244D06DA5} = {07B00904-CE25-4EE7-8750-4EDBFCBD6F99}
		{112B62DA-0C4D-4164-8C3A-0B181D129E70} = {3E5300E0-F146-4C3F-870E-BEE98FD2C568}
		{9E791EF4-BD02-4FE9-85BA-D0B4F4109388} = {4B44BAA7-4A68-48F5-A683-268C5DAA7D2E}
		{5FC1F719-28B6-4A66-A968-D8F041706574} = {CFE923E9-BB58-4301-99EE-489A0AEC1D6C}
	EndGlobalSection
	GlobalSection(ExtensibilityGlobals) = postSolution
		SolutionGuid = {BE259E80-8ECD-4666-AD65-04D854F7E181}
	EndGlobalSection
EndGlobal
