
Microsoft Visual Studio Solution File, Format Version 12.00
# Visual Studio Version 16
VisualStudioVersion = 16.0.30621.155
MinimumVisualStudioVersion = 10.0.40219.1
Project("{2150E333-8FDC-42A3-9474-1A3956D46DE8}") = "CleanArch.Application", "CleanArch.Application", "{E488755A-9B79-4688-A83B-C779843C3C27}"
EndProject
Project("{2150E333-8FDC-42A3-9474-1A3956D46DE8}") = "CleanArch.Domain", "CleanArch.Domain", "{4B44BAA7-4A68-48F5-A683-268C5DAA7D2E}"
EndProject
Project("{2150E333-8FDC-42A3-9474-1A3956D46DE8}") = "CleanArch.Infrastructure.IOC", "CleanArch.Infrastructure.IOC", "{07B00904-CE25-4EE7-8750-4EDBFCBD6F99}"
EndProject
Project("{2150E333-8FDC-42A3-9474-1A3956D46DE8}") = "CleanArch.Infrastructure.Data", "CleanArch.Infrastructure.Data", "{17D4EDE6-BDF8-4439-B2B3-458BE00284B8}"
EndProject
Project("{2150E333-8FDC-42A3-9474-1A3956D46DE8}") = "CleanArch.UI.MVC", "CleanArch.UI.MVC", "{C9D68480-8F1C-4C80-B103-B68F30CA7EA8}"
EndProject
Global
	GlobalSection(SolutionProperties) = preSolution
		HideSolutionNode = FALSE
	EndGlobalSection
	GlobalSection(ExtensibilityGlobals) = postSolution
		SolutionGuid = {BE259E80-8ECD-4666-AD65-04D854F7E181}
	EndGlobalSection
EndGlobal
